// !$*UTF8*$!
{
	archiveVersion = 1;
	classes = {
	};
	objectVersion = 46;
	objects = {

/* Begin PBXBuildFile section */
		6BFFCE931E0CC86600236807 /* main.m in Sources */ = {isa = PBXBuildFile; fileRef = 6BFFCE921E0CC86600236807 /* main.m */; };
		6BFFCE961E0CC86600236807 /* AppDelegate.m in Sources */ = {isa = PBXBuildFile; fileRef = 6BFFCE951E0CC86600236807 /* AppDelegate.m */; };
		6BFFCE991E0CC86600236807 /* ViewController.m in Sources */ = {isa = PBXBuildFile; fileRef = 6BFFCE981E0CC86600236807 /* ViewController.m */; };
		6BFFCE9C1E0CC86600236807 /* Main.storyboard in Resources */ = {isa = PBXBuildFile; fileRef = 6BFFCE9A1E0CC86600236807 /* Main.storyboard */; };
		6BFFCE9E1E0CC86600236807 /* Assets.xcassets in Resources */ = {isa = PBXBuildFile; fileRef = 6BFFCE9D1E0CC86600236807 /* Assets.xcassets */; };
		6BFFCEA11E0CC86600236807 /* LaunchScreen.storyboard in Resources */ = {isa = PBXBuildFile; fileRef = 6BFFCE9F1E0CC86600236807 /* LaunchScreen.storyboard */; };
		6BFFCEAA1E0CC8AC00236807 /* LYYCircularProgressView.m in Sources */ = {isa = PBXBuildFile; fileRef = 6BFFCEA91E0CC8AC00236807 /* LYYCircularProgressView.m */; };
		6BFFCEAD1E0CFD4C00236807 /* LYYProgressLayer.m in Sources */ = {isa = PBXBuildFile; fileRef = 6BFFCEAC1E0CFD4C00236807 /* LYYProgressLayer.m */; };
/* End PBXBuildFile section */

/* Begin PBXFileReference section */
		6BFFCE8E1E0CC86600236807 /* LYYCircularProgressDemo.app */ = {isa = PBXFileReference; explicitFileType = wrapper.application; includeInIndex = 0; path = LYYCircularProgressDemo.app; sourceTree = BUILT_PRODUCTS_DIR; };
		6BFFCE921E0CC86600236807 /* main.m */ = {isa = PBXFileReference; lastKnownFileType = sourcecode.c.objc; path = main.m; sourceTree = "<group>"; };
		6BFFCE941E0CC86600236807 /* AppDelegate.h */ = {isa = PBXFileReference; lastKnownFileType = sourcecode.c.h; path = AppDelegate.h; sourceTree = "<group>"; };
		6BFFCE951E0CC86600236807 /* AppDelegate.m */ = {isa = PBXFileReference; lastKnownFileType = sourcecode.c.objc; path = AppDelegate.m; sourceTree = "<group>"; };
		6BFFCE971E0CC86600236807 /* ViewController.h */ = {isa = PBXFileReference; lastKnownFileType = sourcecode.c.h; path = ViewController.h; sourceTree = "<group>"; };
		6BFFCE981E0CC86600236807 /* ViewController.m */ = {isa = PBXFileReference; lastKnownFileType = sourcecode.c.objc; path = ViewController.m; sourceTree = "<group>"; };
		6BFFCE9B1E0CC86600236807 /* Base */ = {isa = PBXFileReference; lastKnownFileType = file.storyboard; name = Base; path = Base.lproj/Main.storyboard; sourceTree = "<group>"; };
		6BFFCE9D1E0CC86600236807 /* Assets.xcassets */ = {isa = PBXFileReference; lastKnownFileType = folder.assetcatalog; path = Assets.xcassets; sourceTree = "<group>"; };
		6BFFCEA01E0CC86600236807 /* Base */ = {isa = PBXFileReference; lastKnownFileType = file.storyboard; name = Base; path = Base.lproj/LaunchScreen.storyboard; sourceTree = "<group>"; };
		6BFFCEA21E0CC86600236807 /* Info.plist */ = {isa = PBXFileReference; lastKnownFileType = text.plist.xml; path = Info.plist; sourceTree = "<group>"; };
		6BFFCEA81E0CC8AC00236807 /* LYYCircularProgressView.h */ = {isa = PBXFileReference; fileEncoding = 4; lastKnownFileType = sourcecode.c.h; path = LYYCircularProgressView.h; sourceTree = "<group>"; };
		6BFFCEA91E0CC8AC00236807 /* LYYCircularProgressView.m */ = {isa = PBXFileReference; fileEncoding = 4; lastKnownFileType = sourcecode.c.objc; path = LYYCircularProgressView.m; sourceTree = "<group>"; };
		6BFFCEAB1E0CFD4C00236807 /* LYYProgressLayer.h */ = {isa = PBXFileReference; fileEncoding = 4; lastKnownFileType = sourcecode.c.h; path = LYYProgressLayer.h; sourceTree = "<group>"; };
		6BFFCEAC1E0CFD4C00236807 /* LYYProgressLayer.m */ = {isa = PBXFileReference; fileEncoding = 4; lastKnownFileType = sourcecode.c.objc; path = LYYProgressLayer.m; sourceTree = "<group>"; };
/* End PBXFileReference section */

/* Begin PBXFrameworksBuildPhase section */
		6BFFCE8B1E0CC86600236807 /* Frameworks */ = {
			isa = PBXFrameworksBuildPhase;
			buildActionMask = 2147483647;
			files = (
			);
			runOnlyForDeploymentPostprocessing = 0;
		};
/* End PBXFrameworksBuildPhase section */

/* Begin PBXGroup section */
		6BFFCE851E0CC86600236807 = {
			isa = PBXGroup;
			children = (
				6BFFCE901E0CC86600236807 /* LYYCircularProgressDemo */,
				6BFFCE8F1E0CC86600236807 /* Products */,
			);
			sourceTree = "<group>";
		};
		6BFFCE8F1E0CC86600236807 /* Products */ = {
			isa = PBXGroup;
			children = (
				6BFFCE8E1E0CC86600236807 /* LYYCircularProgressDemo.app */,
			);
			name = Products;
			sourceTree = "<group>";
		};
		6BFFCE901E0CC86600236807 /* LYYCircularProgressDemo */ = {
			isa = PBXGroup;
			children = (
				6BFFCE941E0CC86600236807 /* AppDelegate.h */,
				6BFFCE951E0CC86600236807 /* AppDelegate.m */,
				6BFFCE971E0CC86600236807 /* ViewController.h */,
				6BFFCE981E0CC86600236807 /* ViewController.m */,
				6BFFCE9A1E0CC86600236807 /* Main.storyboard */,
				6BFFCE9D1E0CC86600236807 /* Assets.xcassets */,
				6BFFCE9F1E0CC86600236807 /* LaunchScreen.storyboard */,
				6BFFCEA21E0CC86600236807 /* Info.plist */,
				6BFFCE911E0CC86600236807 /* Supporting Files */,
				6BFFCEA81E0CC8AC00236807 /* LYYCircularProgressView.h */,
				6BFFCEA91E0CC8AC00236807 /* LYYCircularProgressView.m */,
				6BFFCEAB1E0CFD4C00236807 /* LYYProgressLayer.h */,
				6BFFCEAC1E0CFD4C00236807 /* LYYProgressLayer.m */,
			);
			path = LYYCircularProgressDemo;
			sourceTree = "<group>";
		};
		6BFFCE911E0CC86600236807 /* Supporting Files */ = {
			isa = PBXGroup;
			children = (
				6BFFCE921E0CC86600236807 /* main.m */,
			);
			name = "Supporting Files";
			sourceTree = "<group>";
		};
/* End PBXGroup section */

/* Begin PBXNativeTarget section */
		6BFFCE8D1E0CC86600236807 /* LYYCircularProgressDemo */ = {
			isa = PBXNativeTarget;
			buildConfigurationList = 6BFFCEA51E0CC86600236807 /* Build configuration list for PBXNativeTarget "LYYCircularProgressDemo" */;
			buildPhases = (
				6BFFCE8A1E0CC86600236807 /* Sources */,
				6BFFCE8B1E0CC86600236807 /* Frameworks */,
				6BFFCE8C1E0CC86600236807 /* Resources */,
			);
			buildRules = (
			);
			dependencies = (
			);
			name = LYYCircularProgressDemo;
			productName = LYYCircularProgressDemo;
			productReference = 6BFFCE8E1E0CC86600236807 /* LYYCircularProgressDemo.app */;
			productType = "com.apple.product-type.application";
		};
/* End PBXNativeTarget section */

/* Begin PBXProject section */
		6BFFCE861E0CC86600236807 /* Project object */ = {
			isa = PBXProject;
			attributes = {
				LastUpgradeCheck = 0820;
				ORGANIZATIONNAME = lieyunye;
				TargetAttributes = {
					6BFFCE8D1E0CC86600236807 = {
						CreatedOnToolsVersion = 8.2;
						DevelopmentTeam = 2ZPJ7GU8KE;
						ProvisioningStyle = Automatic;
					};
				};
			};
			buildConfigurationList = 6BFFCE891E0CC86600236807 /* Build configuration list for PBXProject "LYYCircularProgressDemo" */;
			compatibilityVersion = "Xcode 3.2";
			developmentRegion = English;
			hasScannedForEncodings = 0;
			knownRegions = (
				en,
				Base,
			);
			mainGroup = 6BFFCE851E0CC86600236807;
			productRefGroup = 6BFFCE8F1E0CC86600236807 /* Products */;
			projectDirPath = "";
			projectRoot = "";
			targets = (
				6BFFCE8D1E0CC86600236807 /* LYYCircularProgressDemo */,
			);
		};
/* End PBXProject section */

/* Begin PBXResourcesBuildPhase section */
		6BFFCE8C1E0CC86600236807 /* Resources */ = {
			isa = PBXResourcesBuildPhase;
			buildActionMask = 2147483647;
			files = (
				6BFFCEA11E0CC86600236807 /* LaunchScreen.storyboard in Resources */,
				6BFFCE9E1E0CC86600236807 /* Assets.xcassets in Resources */,
				6BFFCE9C1E0CC86600236807 /* Main.storyboard in Resources */,
			);
			runOnlyForDeploymentPostprocessing = 0;
		};
/* End PBXResourcesBuildPhase section */

/* Begin PBXSourcesBuildPhase section */
		6BFFCE8A1E0CC86600236807 /* Sources */ = {
			isa = PBXSourcesBuildPhase;
			buildActionMask = 2147483647;
			files = (
				6BFFCE991E0CC86600236807 /* ViewController.m in Sources */,
				6BFFCEAD1E0CFD4C00236807 /* LYYProgressLayer.m in Sources */,
				6BFFCE961E0CC86600236807 /* AppDelegate.m in Sources */,
				6BFFCE931E0CC86600236807 /* main.m in Sources */,
				6BFFCEAA1E0CC8AC00236807 /* LYYCircularProgressView.m in Sources */,
			);
			runOnlyForDeploymentPostprocessing = 0;
		};
/* End PBXSourcesBuildPhase section */

/* Begin PBXVariantGroup section */
		6BFFCE9A1E0CC86600236807 /* Main.storyboard */ = {
			isa = PBXVariantGroup;
			children = (
				6BFFCE9B1E0CC86600236807 /* Base */,
			);
			name = Main.storyboard;
			sourceTree = "<group>";
		};
		6BFFCE9F1E0CC86600236807 /* LaunchScreen.storyboard */ = {
			isa = PBXVariantGroup;
			children = (
				6BFFCEA01E0CC86600236807 /* Base */,
			);
			name = LaunchScreen.storyboard;
			sourceTree = "<group>";
		};
/* End PBXVariantGroup section */

/* Begin XCBuildConfiguration section */
		6BFFCEA31E0CC86600236807 /* Debug */ = {
			isa = XCBuildConfiguration;
			buildSettings = {
				ALWAYS_SEARCH_USER_PATHS = NO;
				CLANG_ANALYZER_NONNULL = YES;
				CLANG_CXX_LANGUAGE_STANDARD = "gnu++0x";
				CLANG_CXX_LIBRARY = "libc++";
				CLANG_ENABLE_MODULES = YES;
				CLANG_ENABLE_OBJC_ARC = YES;
				CLANG_WARN_BOOL_CONVERSION = YES;
				CLANG_WARN_CONSTANT_CONVERSION = YES;
				CLANG_WARN_DIRECT_OBJC_ISA_USAGE = YES_ERROR;
				CLANG_WARN_DOCUMENTATION_COMMENTS = YES;
				CLANG_WARN_EMPTY_BODY = YES;
				CLANG_WARN_ENUM_CONVERSION = YES;
				CLANG_WARN_INFINITE_RECURSION = YES;
				CLANG_WARN_INT_CONVERSION = YES;
				CLANG_WARN_OBJC_ROOT_CLASS = YES_ERROR;
				CLANG_WARN_SUSPICIOUS_MOVE = YES;
				CLANG_WARN_UNREACHABLE_CODE = YES;
				CLANG_WARN__DUPLICATE_METHOD_MATCH = YES;
				"CODE_SIGN_IDENTITY[sdk=iphoneos*]" = "iPhone Developer";
				COPY_PHASE_STRIP = NO;
				DEBUG_INFORMATION_FORMAT = dwarf;
				ENABLE_STRICT_OBJC_MSGSEND = YES;
				ENABLE_TESTABILITY = YES;
				GCC_C_LANGUAGE_STANDARD = gnu99;
				GCC_DYNAMIC_NO_PIC = NO;
				GCC_NO_COMMON_BLOCKS = YES;
				GCC_OPTIMIZATION_LEVEL = 0;
				GCC_PREPROCESSOR_DEFINITIONS = (
					"DEBUG=1",
					"$(inherited)",
				);
				GCC_WARN_64_TO_32_BIT_CONVERSION = YES;
				GCC_WARN_ABOUT_RETURN_TYPE = YES_ERROR;
				GCC_WARN_UNDECLARED_SELECTOR = YES;
				GCC_WARN_UNINITIALIZED_AUTOS = YES_AGGRESSIVE;
				GCC_WARN_UNUSED_FUNCTION = YES;
				GCC_WARN_UNUSED_VARIABLE = YES;
				IPHONEOS_DEPLOYMENT_TARGET = 10.2;
				MTL_ENABLE_DEBUG_INFO = YES;
				ONLY_ACTIVE_ARCH = YES;
				SDKROOT = iphoneos;
				TARGETED_DEVICE_FAMILY = "1,2";
			};
			name = Debug;
		};
		6BFFCEA41E0CC86600236807 /* Release */ = {
			isa = XCBuildConfiguration;
			buildSettings = {
				ALWAYS_SEARCH_USER_PATHS = NO;
				CLANG_ANALYZER_NONNULL = YES;
				CLANG_CXX_LANGUAGE_STANDARD = "gnu++0x";
				CLANG_CXX_LIBRARY = "libc++";
				CLANG_ENABLE_MODULES = YES;
				CLANG_ENABLE_OBJC_ARC = YES;
				CLANG_WARN_BOOL_CONVERSION = YES;
				CLANG_WARN_CONSTANT_CONVERSION = YES;
				CLANG_WARN_DIRECT_OBJC_ISA_USAGE = YES_ERROR;
				CLANG_WARN_DOCUMENTATION_COMMENTS = YES;
				CLANG_WARN_EMPTY_BODY = YES;
				CLANG_WARN_ENUM_CONVERSION = YES;
				CLANG_WARN_INFINITE_RECURSION = YES;
				CLANG_WARN_INT_CONVERSION = YES;
				CLANG_WARN_OBJC_ROOT_CLASS = YES_ERROR;
				CLANG_WARN_SUSPICIOUS_MOVE = YES;
				CLANG_WARN_UNREACHABLE_CODE = YES;
				CLANG_WARN__DUPLICATE_METHOD_MATCH = YES;
				"CODE_SIGN_IDENTITY[sdk=iphoneos*]" = "iPhone Developer";
				COPY_PHASE_STRIP = NO;
				DEBUG_INFORMATION_FORMAT = "dwarf-with-dsym";
				ENABLE_NS_ASSERTIONS = NO;
				ENABLE_STRICT_OBJC_MSGSEND = YES;
				GCC_C_LANGUAGE_STANDARD = gnu99;
				GCC_NO_COMMON_BLOCKS = YES;
				GCC_WARN_64_TO_32_BIT_CONVERSION = YES;
				GCC_WARN_ABOUT_RETURN_TYPE = YES_ERROR;
				GCC_WARN_UNDECLARED_SELECTOR = YES;
				GCC_WARN_UNINITIALIZED_AUTOS = YES_AGGRESSIVE;
				GCC_WARN_UNUSED_FUNCTION = YES;
				GCC_WARN_UNUSED_VARIABLE = YES;
				IPHONEOS_DEPLOYMENT_TARGET = 10.2;
				MTL_ENABLE_DEBUG_INFO = NO;
				SDKROOT = iphoneos;
				TARGETED_DEVICE_FAMILY = "1,2";
				VALIDATE_PRODUCT = YES;
			};
			name = Release;
		};
		6BFFCEA61E0CC86600236807 /* Debug */ = {
			isa = XCBuildConfiguration;
			buildSettings = {
				ASSETCATALOG_COMPILER_APPICON_NAME = AppIcon;
				DEVELOPMENT_TEAM = 2ZPJ7GU8KE;
				INFOPLIST_FILE = LYYCircularProgressDemo/Info.plist;
				LD_RUNPATH_SEARCH_PATHS = "$(inherited) @executable_path/Frameworks";
				PRODUCT_BUNDLE_IDENTIFIER = life.lyy.LYYCircularProgressDemo;
				PRODUCT_NAME = "$(TARGET_NAME)";
			};
			name = Debug;
		};
		6BFFCEA71E0CC86600236807 /* Release */ = {
			isa = XCBuildConfiguration;
			buildSettings = {
				ASSETCATALOG_COMPILER_APPICON_NAME = AppIcon;
				DEVELOPMENT_TEAM = 2ZPJ7GU8KE;
				INFOPLIST_FILE = LYYCircularProgressDemo/Info.plist;
				LD_RUNPATH_SEARCH_PATHS = "$(inherited) @executable_path/Frameworks";
				PRODUCT_BUNDLE_IDENTIFIER = life.lyy.LYYCircularProgressDemo;
				PRODUCT_NAME = "$(TARGET_NAME)";
			};
			name = Release;
		};
/* End XCBuildConfiguration section */

/* Begin XCConfigurationList section */
		6BFFCE891E0CC86600236807 /* Build configuration list for PBXProject "LYYCircularProgressDemo" */ = {
			isa = XCConfigurationList;
			buildConfigurations = (
				6BFFCEA31E0CC86600236807 /* Debug */,
				6BFFCEA41E0CC86600236807 /* Release */,
			);
			defaultConfigurationIsVisible = 0;
			defaultConfigurationName = Release;
		};
		6BFFCEA51E0CC86600236807 /* Build configuration list for PBXNativeTarget "LYYCircularProgressDemo" */ = {
			isa = XCConfigurationList;
			buildConfigurations = (
				6BFFCEA61E0CC86600236807 /* Debug */,
				6BFFCEA71E0CC86600236807 /* Release */,
			);
			defaultConfigurationIsVisible = 0;
		};
/* End XCConfigurationList section */
	};
	rootObject = 6BFFCE861E0CC86600236807 /* Project object */;
}
